
Microsoft Visual Studio Solution File, Format Version 12.00
# Visual Studio Version 17
VisualStudioVersion = 17.9.34607.119
MinimumVisualStudioVersion = 10.0.40219.1
Project("{FAE04EC0-301F-11D3-BF4B-00C04F79EFBC}") = "RecursionTest24", "RecursionTest24\RecursionTest24.csproj", "{DCF19945-9682-4D65-B4D9-9617D10FC72E}"
EndProject
Global
	GlobalSection(SolutionConfigurationPlatforms) = preSolution
		Debug|Any CPU = Debug|Any CPU
		Release|Any CPU = Release|Any CPU
	EndGlobalSection
	GlobalSection(ProjectConfigurationPlatforms) = postSolution
		{DCF19945-9682-4D65-B4D9-9617D10FC72E}.Debug|Any CPU.ActiveCfg = Debug|Any CPU
		{DCF19945-9682-4D65-B4D9-9617D10FC72E}.Debug|Any CPU.Build.0 = Debug|Any CPU
		{DCF19945-9682-4D65-B4D9-9617D10FC72E}.Release|Any CPU.ActiveCfg = Release|Any CPU
		{DCF19945-9682-4D65-B4D9-9617D10FC72E}.Release|Any CPU.Build.0 = Release|Any CPU
	EndGlobalSection
	GlobalSection(SolutionProperties) = preSolution
		HideSolutionNode = FALSE
	EndGlobalSection
	GlobalSection(ExtensibilityGlobals) = postSolution
		SolutionGuid = {0D5CE589-8D5A-43BE-B51F-9981929BCF29}
	EndGlobalSection
EndGlobal
